// !$*UTF8*$!
{
	archiveVersion = 1;
	classes = {
	};
	objectVersion = 50;
	objects = {

/* Begin PBXBuildFile section */
		FB78FBE72225AF9200F96EF4 /* AppDelegate.swift in Sources */ = {isa = PBXBuildFile; fileRef = FB78FBE62225AF9200F96EF4 /* AppDelegate.swift */; };
		FB78FBE92225AF9200F96EF4 /* TodoListViewController.swift in Sources */ = {isa = PBXBuildFile; fileRef = FB78FBE82225AF9200F96EF4 /* TodoListViewController.swift */; };
		FB78FBEC2225AF9200F96EF4 /* Main.storyboard in Resources */ = {isa = PBXBuildFile; fileRef = FB78FBEA2225AF9200F96EF4 /* Main.storyboard */; };
		FB78FBEE2225AF9300F96EF4 /* Assets.xcassets in Resources */ = {isa = PBXBuildFile; fileRef = FB78FBED2225AF9300F96EF4 /* Assets.xcassets */; };
		FB78FBF12225AF9300F96EF4 /* LaunchScreen.storyboard in Resources */ = {isa = PBXBuildFile; fileRef = FB78FBEF2225AF9300F96EF4 /* LaunchScreen.storyboard */; };
		FBE3C0982230899800848F8B /* Item.swift in Sources */ = {isa = PBXBuildFile; fileRef = FBE3C0972230899800848F8B /* Item.swift */; };
/* End PBXBuildFile section */

/* Begin PBXFileReference section */
		FB78FBE32225AF9200F96EF4 /* ToDoII.app */ = {isa = PBXFileReference; explicitFileType = wrapper.application; includeInIndex = 0; path = ToDoII.app; sourceTree = BUILT_PRODUCTS_DIR; };
		FB78FBE62225AF9200F96EF4 /* AppDelegate.swift */ = {isa = PBXFileReference; lastKnownFileType = sourcecode.swift; path = AppDelegate.swift; sourceTree = "<group>"; };
		FB78FBE82225AF9200F96EF4 /* TodoListViewController.swift */ = {isa = PBXFileReference; lastKnownFileType = sourcecode.swift; path = TodoListViewController.swift; sourceTree = "<group>"; };
		FB78FBEB2225AF9200F96EF4 /* Base */ = {isa = PBXFileReference; lastKnownFileType = file.storyboard; name = Base; path = Base.lproj/Main.storyboard; sourceTree = "<group>"; };
		FB78FBED2225AF9300F96EF4 /* Assets.xcassets */ = {isa = PBXFileReference; lastKnownFileType = folder.assetcatalog; path = Assets.xcassets; sourceTree = "<group>"; };
		FB78FBF02225AF9300F96EF4 /* Base */ = {isa = PBXFileReference; lastKnownFileType = file.storyboard; name = Base; path = Base.lproj/LaunchScreen.storyboard; sourceTree = "<group>"; };
		FB78FBF22225AF9300F96EF4 /* Info.plist */ = {isa = PBXFileReference; lastKnownFileType = text.plist.xml; path = Info.plist; sourceTree = "<group>"; };
		FBE3C0972230899800848F8B /* Item.swift */ = {isa = PBXFileReference; lastKnownFileType = sourcecode.swift; path = Item.swift; sourceTree = "<group>"; };
/* End PBXFileReference section */

/* Begin PBXFrameworksBuildPhase section */
		FB78FBE02225AF9200F96EF4 /* Frameworks */ = {
			isa = PBXFrameworksBuildPhase;
			buildActionMask = 2147483647;
			files = (
			);
			runOnlyForDeploymentPostprocessing = 0;
		};
/* End PBXFrameworksBuildPhase section */

/* Begin PBXGroup section */
		FB78FBDA2225AF9200F96EF4 = {
			isa = PBXGroup;
			children = (
				FB78FBE52225AF9200F96EF4 /* ToDoII */,
				FB78FBE42225AF9200F96EF4 /* Products */,
			);
			sourceTree = "<group>";
		};
		FB78FBE42225AF9200F96EF4 /* Products */ = {
			isa = PBXGroup;
			children = (
				FB78FBE32225AF9200F96EF4 /* ToDoII.app */,
			);
			name = Products;
			sourceTree = "<group>";
		};
		FB78FBE52225AF9200F96EF4 /* ToDoII */ = {
			isa = PBXGroup;
			children = (
				FB78FBE62225AF9200F96EF4 /* AppDelegate.swift */,
				FBE3C09A22308A6A00848F8B /* Views */,
				FBE3C09922308A5C00848F8B /* Controllers */,
				FBE3C0962230895F00848F8B /* Data Model */,
				FBE3C09B22308AB900848F8B /* Supporting Files */,
				FB78FBF22225AF9300F96EF4 /* Info.plist */,
			);
			path = ToDoII;
			sourceTree = "<group>";
		};
		FBE3C0962230895F00848F8B /* Data Model */ = {
			isa = PBXGroup;
			children = (
				FBE3C0972230899800848F8B /* Item.swift */,
			);
			path = "Data Model";
			sourceTree = "<group>";
		};
		FBE3C09922308A5C00848F8B /* Controllers */ = {
			isa = PBXGroup;
			children = (
				FB78FBE82225AF9200F96EF4 /* TodoListViewController.swift */,
			);
			path = Controllers;
			sourceTree = "<group>";
		};
		FBE3C09A22308A6A00848F8B /* Views */ = {
			isa = PBXGroup;
			children = (
				FB78FBEA2225AF9200F96EF4 /* Main.storyboard */,
			);
			path = Views;
			sourceTree = "<group>";
		};
		FBE3C09B22308AB900848F8B /* Supporting Files */ = {
			isa = PBXGroup;
			children = (
				FB78FBED2225AF9300F96EF4 /* Assets.xcassets */,
				FB78FBEF2225AF9300F96EF4 /* LaunchScreen.storyboard */,
			);
			path = "Supporting Files";
			sourceTree = "<group>";
		};
/* End PBXGroup section */

/* Begin PBXNativeTarget section */
		FB78FBE22225AF9200F96EF4 /* ToDoII */ = {
			isa = PBXNativeTarget;
			buildConfigurationList = FB78FBF52225AF9300F96EF4 /* Build configuration list for PBXNativeTarget "ToDoII" */;
			buildPhases = (
				FB78FBDF2225AF9200F96EF4 /* Sources */,
				FB78FBE02225AF9200F96EF4 /* Frameworks */,
				FB78FBE12225AF9200F96EF4 /* Resources */,
			);
			buildRules = (
			);
			dependencies = (
			);
			name = ToDoII;
			productName = ToDoII;
			productReference = FB78FBE32225AF9200F96EF4 /* ToDoII.app */;
			productType = "com.apple.product-type.application";
		};
/* End PBXNativeTarget section */

/* Begin PBXProject section */
		FB78FBDB2225AF9200F96EF4 /* Project object */ = {
			isa = PBXProject;
			attributes = {
				LastSwiftUpdateCheck = 1010;
				LastUpgradeCheck = 1010;
				ORGANIZATIONNAME = vleiswal;
				TargetAttributes = {
					FB78FBE22225AF9200F96EF4 = {
						CreatedOnToolsVersion = 10.1;
					};
				};
			};
			buildConfigurationList = FB78FBDE2225AF9200F96EF4 /* Build configuration list for PBXProject "ToDoII" */;
			compatibilityVersion = "Xcode 9.3";
			developmentRegion = en;
			hasScannedForEncodings = 0;
			knownRegions = (
				en,
				Base,
			);
			mainGroup = FB78FBDA2225AF9200F96EF4;
			productRefGroup = FB78FBE42225AF9200F96EF4 /* Products */;
			projectDirPath = "";
			projectRoot = "";
			targets = (
				FB78FBE22225AF9200F96EF4 /* ToDoII */,
			);
		};
/* End PBXProject section */

/* Begin PBXResourcesBuildPhase section */
		FB78FBE12225AF9200F96EF4 /* Resources */ = {
			isa = PBXResourcesBuildPhase;
			buildActionMask = 2147483647;
			files = (
				FB78FBF12225AF9300F96EF4 /* LaunchScreen.storyboard in Resources */,
				FB78FBEE2225AF9300F96EF4 /* Assets.xcassets in Resources */,
				FB78FBEC2225AF9200F96EF4 /* Main.storyboard in Resources */,
			);
			runOnlyForDeploymentPostprocessing = 0;
		};
/* End PBXResourcesBuildPhase section */

/* Begin PBXSourcesBuildPhase section */
		FB78FBDF2225AF9200F96EF4 /* Sources */ = {
			isa = PBXSourcesBuildPhase;
			buildActionMask = 2147483647;
			files = (
				FB78FBE92225AF9200F96EF4 /* TodoListViewController.swift in Sources */,
				FBE3C0982230899800848F8B /* Item.swift in Sources */,
				FB78FBE72225AF9200F96EF4 /* AppDelegate.swift in Sources */,
			);
			runOnlyForDeploymentPostprocessing = 0;
		};
/* End PBXSourcesBuildPhase section */

/* Begin PBXVariantGroup section */
		FB78FBEA2225AF9200F96EF4 /* Main.storyboard */ = {
			isa = PBXVariantGroup;
			children = (
				FB78FBEB2225AF9200F96EF4 /* Base */,
			);
			name = Main.storyboard;
			sourceTree = "<group>";
		};
		FB78FBEF2225AF9300F96EF4 /* LaunchScreen.storyboard */ = {
			isa = PBXVariantGroup;
			children = (
				FB78FBF02225AF9300F96EF4 /* Base */,
			);
			name = LaunchScreen.storyboard;
			sourceTree = "<group>";
		};
/* End PBXVariantGroup section */

/* Begin XCBuildConfiguration section */
		FB78FBF32225AF9300F96EF4 /* Debug */ = {
			isa = XCBuildConfiguration;
			buildSettings = {
				ALWAYS_SEARCH_USER_PATHS = NO;
				CLANG_ANALYZER_NONNULL = YES;
				CLANG_ANALYZER_NUMBER_OBJECT_CONVERSION = YES_AGGRESSIVE;
				CLANG_CXX_LANGUAGE_STANDARD = "gnu++14";
				CLANG_CXX_LIBRARY = "libc++";
				CLANG_ENABLE_MODULES = YES;
				CLANG_ENABLE_OBJC_ARC = YES;
				CLANG_ENABLE_OBJC_WEAK = YES;
				CLANG_WARN_BLOCK_CAPTURE_AUTORELEASING = YES;
				CLANG_WARN_BOOL_CONVERSION = YES;
				CLANG_WARN_COMMA = YES;
				CLANG_WARN_CONSTANT_CONVERSION = YES;
				CLANG_WARN_DEPRECATED_OBJC_IMPLEMENTATIONS = YES;
				CLANG_WARN_DIRECT_OBJC_ISA_USAGE = YES_ERROR;
				CLANG_WARN_DOCUMENTATION_COMMENTS = YES;
				CLANG_WARN_EMPTY_BODY = YES;
				CLANG_WARN_ENUM_CONVERSION = YES;
				CLANG_WARN_INFINITE_RECURSION = YES;
				CLANG_WARN_INT_CONVERSION = YES;
				CLANG_WARN_NON_LITERAL_NULL_CONVERSION = YES;
				CLANG_WARN_OBJC_IMPLICIT_RETAIN_SELF = YES;
				CLANG_WARN_OBJC_LITERAL_CONVERSION = YES;
				CLANG_WARN_OBJC_ROOT_CLASS = YES_ERROR;
				CLANG_WARN_RANGE_LOOP_ANALYSIS = YES;
				CLANG_WARN_STRICT_PROTOTYPES = YES;
				CLANG_WARN_SUSPICIOUS_MOVE = YES;
				CLANG_WARN_UNGUARDED_AVAILABILITY = YES_AGGRESSIVE;
				CLANG_WARN_UNREACHABLE_CODE = YES;
				CLANG_WARN__DUPLICATE_METHOD_MATCH = YES;
				CODE_SIGN_IDENTITY = "iPhone Developer";
				COPY_PHASE_STRIP = NO;
				DEBUG_INFORMATION_FORMAT = dwarf;
				ENABLE_STRICT_OBJC_MSGSEND = YES;
				ENABLE_TESTABILITY = YES;
				GCC_C_LANGUAGE_STANDARD = gnu11;
				GCC_DYNAMIC_NO_PIC = NO;
				GCC_NO_COMMON_BLOCKS = YES;
				GCC_OPTIMIZATION_LEVEL = 0;
				GCC_PREPROCESSOR_DEFINITIONS = (
					"DEBUG=1",
					"$(inherited)",
				);
				GCC_WARN_64_TO_32_BIT_CONVERSION = YES;
				GCC_WARN_ABOUT_RETURN_TYPE = YES_ERROR;
				GCC_WARN_UNDECLARED_SELECTOR = YES;
				GCC_WARN_UNINITIALIZED_AUTOS = YES_AGGRESSIVE;
				GCC_WARN_UNUSED_FUNCTION = YES;
				GCC_WARN_UNUSED_VARIABLE = YES;
				IPHONEOS_DEPLOYMENT_TARGET = 12.1;
				MTL_ENABLE_DEBUG_INFO = INCLUDE_SOURCE;
				MTL_FAST_MATH = YES;
				ONLY_ACTIVE_ARCH = YES;
				SDKROOT = iphoneos;
				SWIFT_ACTIVE_COMPILATION_CONDITIONS = DEBUG;
				SWIFT_OPTIMIZATION_LEVEL = "-Onone";
			};
			name = Debug;
		};
		FB78FBF42225AF9300F96EF4 /* Release */ = {
			isa = XCBuildConfiguration;
			buildSettings = {
				ALWAYS_SEARCH_USER_PATHS = NO;
				CLANG_ANALYZER_NONNULL = YES;
				CLANG_ANALYZER_NUMBER_OBJECT_CONVERSION = YES_AGGRESSIVE;
				CLANG_CXX_LANGUAGE_STANDARD = "gnu++14";
				CLANG_CXX_LIBRARY = "libc++";
				CLANG_ENABLE_MODULES = YES;
				CLANG_ENABLE_OBJC_ARC = YES;
				CLANG_ENABLE_OBJC_WEAK = YES;
				CLANG_WARN_BLOCK_CAPTURE_AUTORELEASING = YES;
				CLANG_WARN_BOOL_CONVERSION = YES;
				CLANG_WARN_COMMA = YES;
				CLANG_WARN_CONSTANT_CONVERSION = YES;
				CLANG_WARN_DEPRECATED_OBJC_IMPLEMENTATIONS = YES;
				CLANG_WARN_DIRECT_OBJC_ISA_USAGE = YES_ERROR;
				CLANG_WARN_DOCUMENTATION_COMMENTS = YES;
				CLANG_WARN_EMPTY_BODY = YES;
				CLANG_WARN_ENUM_CONVERSION = YES;
				CLANG_WARN_INFINITE_RECURSION = YES;
				CLANG_WARN_INT_CONVERSION = YES;
				CLANG_WARN_NON_LITERAL_NULL_CONVERSION = YES;
				CLANG_WARN_OBJC_IMPLICIT_RETAIN_SELF = YES;
				CLANG_WARN_OBJC_LITERAL_CONVERSION = YES;
				CLANG_WARN_OBJC_ROOT_CLASS = YES_ERROR;
				CLANG_WARN_RANGE_LOOP_ANALYSIS = YES;
				CLANG_WARN_STRICT_PROTOTYPES = YES;
				CLANG_WARN_SUSPICIOUS_MOVE = YES;
				CLANG_WARN_UNGUARDED_AVAILABILITY = YES_AGGRESSIVE;
				CLANG_WARN_UNREACHABLE_CODE = YES;
				CLANG_WARN__DUPLICATE_METHOD_MATCH = YES;
				CODE_SIGN_IDENTITY = "iPhone Developer";
				COPY_PHASE_STRIP = NO;
				DEBUG_INFORMATION_FORMAT = "dwarf-with-dsym";
				ENABLE_NS_ASSERTIONS = NO;
				ENABLE_STRICT_OBJC_MSGSEND = YES;
				GCC_C_LANGUAGE_STANDARD = gnu11;
				GCC_NO_COMMON_BLOCKS = YES;
				GCC_WARN_64_TO_32_BIT_CONVERSION = YES;
				GCC_WARN_ABOUT_RETURN_TYPE = YES_ERROR;
				GCC_WARN_UNDECLARED_SELECTOR = YES;
				GCC_WARN_UNINITIALIZED_AUTOS = YES_AGGRESSIVE;
				GCC_WARN_UNUSED_FUNCTION = YES;
				GCC_WARN_UNUSED_VARIABLE = YES;
				IPHONEOS_DEPLOYMENT_TARGET = 12.1;
				MTL_ENABLE_DEBUG_INFO = NO;
				MTL_FAST_MATH = YES;
				SDKROOT = iphoneos;
				SWIFT_COMPILATION_MODE = wholemodule;
				SWIFT_OPTIMIZATION_LEVEL = "-O";
				VALIDATE_PRODUCT = YES;
			};
			name = Release;
		};
		FB78FBF62225AF9300F96EF4 /* Debug */ = {
			isa = XCBuildConfiguration;
			buildSettings = {
				ASSETCATALOG_COMPILER_APPICON_NAME = AppIcon;
				CODE_SIGN_STYLE = Automatic;
				DEVELOPMENT_TEAM = 2464W4QM5W;
				INFOPLIST_FILE = ToDoII/Info.plist;
				LD_RUNPATH_SEARCH_PATHS = (
					"$(inherited)",
					"@executable_path/Frameworks",
				);
				PRODUCT_BUNDLE_IDENTIFIER = allthingswifi.ToDoII;
				PRODUCT_NAME = "$(TARGET_NAME)";
				SWIFT_VERSION = 4.2;
				TARGETED_DEVICE_FAMILY = "1,2";
			};
			name = Debug;
		};
		FB78FBF72225AF9300F96EF4 /* Release */ = {
			isa = XCBuildConfiguration;
			buildSettings = {
				ASSETCATALOG_COMPILER_APPICON_NAME = AppIcon;
				CODE_SIGN_STYLE = Automatic;
				DEVELOPMENT_TEAM = 2464W4QM5W;
				INFOPLIST_FILE = ToDoII/Info.plist;
				LD_RUNPATH_SEARCH_PATHS = (
					"$(inherited)",
					"@executable_path/Frameworks",
				);
				PRODUCT_BUNDLE_IDENTIFIER = allthingswifi.ToDoII;
				PRODUCT_NAME = "$(TARGET_NAME)";
				SWIFT_VERSION = 4.2;
				TARGETED_DEVICE_FAMILY = "1,2";
			};
			name = Release;
		};
/* End XCBuildConfiguration section */

/* Begin XCConfigurationList section */
		FB78FBDE2225AF9200F96EF4 /* Build configuration list for PBXProject "ToDoII" */ = {
			isa = XCConfigurationList;
			buildConfigurations = (
				FB78FBF32225AF9300F96EF4 /* Debug */,
				FB78FBF42225AF9300F96EF4 /* Release */,
			);
			defaultConfigurationIsVisible = 0;
			defaultConfigurationName = Release;
		};
		FB78FBF52225AF9300F96EF4 /* Build configuration list for PBXNativeTarget "ToDoII" */ = {
			isa = XCConfigurationList;
			buildConfigurations = (
				FB78FBF62225AF9300F96EF4 /* Debug */,
				FB78FBF72225AF9300F96EF4 /* Release */,
			);
			defaultConfigurationIsVisible = 0;
			defaultConfigurationName = Release;
		};
/* End XCConfigurationList section */
	};
	rootObject = FB78FBDB2225AF9200F96EF4 /* Project object */;
}
